
Microsoft Visual Studio Solution File, Format Version 12.00
Project("{2150E333-8FDC-42A3-9474-1A3956D46DE8}") = "ApiGateways", "ApiGateways", "{BE6EF6D1-3AAA-4DA4-A8AC-E16E8AEE1D79}"
EndProject
Project("{2150E333-8FDC-42A3-9474-1A3956D46DE8}") = "Services", "Services", "{015FC6CF-628C-4696-BDBA-8B838535BCE7}"
EndProject
Project("{2150E333-8FDC-42A3-9474-1A3956D46DE8}") = "Infrastructure", "Infrastructure", "{61F9CE89-6FE9-41E6-A47E-9C9EB2FBB141}"
EndProject
Project("{2150E333-8FDC-42A3-9474-1A3956D46DE8}") = "Chat", "Chat", "{38ACED50-1C63-4340-A28A-0D90C04628BB}"
EndProject
Project("{2150E333-8FDC-42A3-9474-1A3956D46DE8}") = "AuthService", "AuthService", "{0BFDBBB9-6CDD-4B89-90FD-CBBB948D8B87}"
	ProjectSection(SolutionItems) = preProject
		Services\AuthService\docker-compose.yaml = Services\AuthService\docker-compose.yaml
	EndProjectSection
EndProject
Project("{FAE04EC0-301F-11D3-BF4B-00C04F79EFBC}") = "AuthService.Api", "Services\AuthService\AuthService.Api\AuthService.Api.csproj", "{C6EEAD3E-C586-4CB9-9D6C-7A80DBF82D9F}"
EndProject
Project("{FAE04EC0-301F-11D3-BF4B-00C04F79EFBC}") = "SwaggerConfigurations", "Infrastructure\SwaggerConfigurations\SwaggerConfigurations.csproj", "{7EB52757-7642-4403-A505-8562DF9D249D}"
EndProject
Project("{FAE04EC0-301F-11D3-BF4B-00C04F79EFBC}") = "Ocelot.Gateway", "ApiGateways\Ocelot.Gateway\Ocelot.Gateway.csproj", "{ADDEAD72-ED61-40AF-B155-9A102F93CD12}"
EndProject
Project("{FAE04EC0-301F-11D3-BF4B-00C04F79EFBC}") = "AuthService.Application", "Services\AuthService\AuthService.Application\AuthService.Application.csproj", "{B110D987-CA6D-4B8D-B7AB-83BE9028ECEE}"
EndProject
Project("{FAE04EC0-301F-11D3-BF4B-00C04F79EFBC}") = "AuthService.Migrations", "Services\AuthService\AuthService.Migrations\AuthService.Migrations.csproj", "{62DDF2A7-E115-44E4-B123-5A6303DE1514}"
EndProject
Project("{FAE04EC0-301F-11D3-BF4B-00C04F79EFBC}") = "AuthService.Domain", "Services\AuthService\AuthService.Domain\AuthService.Domain.csproj", "{72669699-D2F4-4D31-82DF-D7A9F5E53CFB}"
EndProject
Project("{FAE04EC0-301F-11D3-BF4B-00C04F79EFBC}") = "AuthService.HttpModels", "Services\AuthService\AuthService.HttpModels\AuthService.HttpModels.csproj", "{99D9B71B-4035-4747-AA95-2D818BCF9F4C}"
EndProject
Project("{FAE04EC0-301F-11D3-BF4B-00C04F79EFBC}") = "AuthService.Infrastructure", "Services\AuthService\AuthService.Infrastructure\AuthService.Infrastructure.csproj", "{AAA4D7F8-5554-4D92-AFD0-EBCA37A11468}"
EndProject
Project("{FAE04EC0-301F-11D3-BF4B-00C04F79EFBC}") = "AuthService.DataContext", "Services\AuthService\AuthService.DataContext\AuthService.DataContext.csproj", "{3C0916B4-E236-4566-9994-A347B31C2AC8}"
EndProject
Project("{2150E333-8FDC-42A3-9474-1A3956D46DE8}") = "ProfileService", "ProfileService", "{9BC76B2B-69B8-42AC-A6BF-4649677731A0}"
	ProjectSection(SolutionItems) = preProject
		Services\ProfileService\docker-compose.yaml = Services\ProfileService\docker-compose.yaml
	EndProjectSection
EndProject
Project("{FAE04EC0-301F-11D3-BF4B-00C04F79EFBC}") = "ProfileService.Domain", "Services\ProfileService\ProfileService.Domain\ProfileService.Domain.csproj", "{99D22321-68F9-4BB7-BE07-1A0EC901418B}"
EndProject
Project("{FAE04EC0-301F-11D3-BF4B-00C04F79EFBC}") = "ProfileService.Api", "Services\ProfileService\ProfileService.Api\ProfileService.Api.csproj", "{C8D39D86-CFFF-4888-A607-9CFF9081E303}"
EndProject
Project("{FAE04EC0-301F-11D3-BF4B-00C04F79EFBC}") = "ProfileService.Application", "Services\ProfileService\ProfileService.Application\ProfileService.Application.csproj", "{93887931-3AF7-4D75-8067-D2A2EEF6DF2F}"
EndProject
Project("{FAE04EC0-301F-11D3-BF4B-00C04F79EFBC}") = "ProfileService.Infrastructure", "Services\ProfileService\ProfileService.Infrastructure\ProfileService.Infrastructure.csproj", "{D5ADC49D-47E8-4CBA-9BDE-48C7E6BC7596}"
EndProject
Project("{FAE04EC0-301F-11D3-BF4B-00C04F79EFBC}") = "ProfileService.HttpModels", "Services\ProfileService\ProfileService.HttpModels\ProfileService.HttpModels.csproj", "{1F1523DB-0269-4FAB-80D7-2A6146F323EC}"
EndProject
Project("{FAE04EC0-301F-11D3-BF4B-00C04F79EFBC}") = "ProfileService.Migrations", "Services\ProfileService\ProfileService.Migrations\ProfileService.Migrations.csproj", "{60869BF4-BB5B-4292-9D27-579F29D6DFC2}"
EndProject
Project("{2150E333-8FDC-42A3-9474-1A3956D46DE8}") = "Common", "Common", "{51970908-615C-4B63-AB5E-B7B2EA2A9E49}"
	ProjectSection(SolutionItems) = preProject
		Common\docker-compose.yaml = Common\docker-compose.yaml
	EndProjectSection
EndProject
Project("{2150E333-8FDC-42A3-9474-1A3956D46DE8}") = "MessageBroker", "MessageBroker", "{4C3CABC0-485C-4D7B-9049-4B1DDFFA6C58}"
EndProject
Project("{FAE04EC0-301F-11D3-BF4B-00C04F79EFBC}") = "MassTransit.Client", "Infrastructure\MessageBroker\MassTransit.Client\MassTransit.Client.csproj", "{D32CABDF-E19C-416E-9B8C-D2F7AEE5822F}"
EndProject
Project("{FAE04EC0-301F-11D3-BF4B-00C04F79EFBC}") = "MassTransit.Contracts", "Infrastructure\MessageBroker\MassTransit.Contracts\MassTransit.Contracts.csproj", "{9B5A3288-5E16-49A0-A1C1-D273355BE88D}"
EndProject
Project("{2150E333-8FDC-42A3-9474-1A3956D46DE8}") = "EmailingService", "EmailingService", "{07599640-AD54-4A11-B521-1C304EBABBCC}"
	ProjectSection(SolutionItems) = preProject
		Services\EmailingService\docker-compose.yaml = Services\EmailingService\docker-compose.yaml
	EndProjectSection
EndProject
Project("{FAE04EC0-301F-11D3-BF4B-00C04F79EFBC}") = "EmailingService.Api", "Services\EmailingService\EmailingService.Api\EmailingService.Api.csproj", "{2E0895C7-3C78-4B38-A6FD-C2F6247099C9}"
EndProject
Project("{FAE04EC0-301F-11D3-BF4B-00C04F79EFBC}") = "EmailingService", "Services\EmailingService\EmailingService\EmailingService.csproj", "{49A1C268-7D56-4592-93A8-678CFDE42FF7}"
EndProject
Project("{FAE04EC0-301F-11D3-BF4B-00C04F79EFBC}") = "Emailing.HttpModels", "Services\EmailingService\Emailing.HttpModels\Emailing.HttpModels.csproj", "{65D26C52-E73D-4382-9754-03C99C594469}"
EndProject
Project("{FAE04EC0-301F-11D3-BF4B-00C04F79EFBC}") = "Chat.Api", "Services\Chat\Chat.Api\Chat.Api.csproj", "{6911C9B2-51BE-4AF2-9103-C1B320A24F22}"
EndProject
Project("{FAE04EC0-301F-11D3-BF4B-00C04F79EFBC}") = "Chat.Application", "Services\Chat\Chat.Application\Chat.Application.csproj", "{CB28C9BC-7721-45BE-A1F3-8C3553AB6666}"
EndProject
Project("{FAE04EC0-301F-11D3-BF4B-00C04F79EFBC}") = "Chat.Domain", "Services\Chat\Chat.Domain\Chat.Domain.csproj", "{0C5C4FB4-5CBE-4BF7-ADA2-0E201B625952}"
EndProject
Project("{FAE04EC0-301F-11D3-BF4B-00C04F79EFBC}") = "Chat.HttpModels", "Services\Chat\Chat.HttpModels\Chat.HttpModels.csproj", "{6748B9E5-3C50-478A-B3E0-1E1BAEBA3AC5}"
EndProject
Project("{FAE04EC0-301F-11D3-BF4B-00C04F79EFBC}") = "Chat.Infrastructure", "Services\Chat\Chat.Infrastructure\Chat.Infrastructure.csproj", "{D025417C-E1B1-495E-A769-67F01507DA63}"
EndProject
Global
	GlobalSection(SolutionConfigurationPlatforms) = preSolution
		Debug|Any CPU = Debug|Any CPU
		Release|Any CPU = Release|Any CPU
	EndGlobalSection
	GlobalSection(ProjectConfigurationPlatforms) = postSolution
		{C6EEAD3E-C586-4CB9-9D6C-7A80DBF82D9F}.Debug|Any CPU.ActiveCfg = Debug|Any CPU
		{C6EEAD3E-C586-4CB9-9D6C-7A80DBF82D9F}.Debug|Any CPU.Build.0 = Debug|Any CPU
		{C6EEAD3E-C586-4CB9-9D6C-7A80DBF82D9F}.Release|Any CPU.ActiveCfg = Release|Any CPU
		{C6EEAD3E-C586-4CB9-9D6C-7A80DBF82D9F}.Release|Any CPU.Build.0 = Release|Any CPU
		{7EB52757-7642-4403-A505-8562DF9D249D}.Debug|Any CPU.ActiveCfg = Debug|Any CPU
		{7EB52757-7642-4403-A505-8562DF9D249D}.Debug|Any CPU.Build.0 = Debug|Any CPU
		{7EB52757-7642-4403-A505-8562DF9D249D}.Release|Any CPU.ActiveCfg = Release|Any CPU
		{7EB52757-7642-4403-A505-8562DF9D249D}.Release|Any CPU.Build.0 = Release|Any CPU
		{ADDEAD72-ED61-40AF-B155-9A102F93CD12}.Debug|Any CPU.ActiveCfg = Debug|Any CPU
		{ADDEAD72-ED61-40AF-B155-9A102F93CD12}.Debug|Any CPU.Build.0 = Debug|Any CPU
		{ADDEAD72-ED61-40AF-B155-9A102F93CD12}.Release|Any CPU.ActiveCfg = Release|Any CPU
		{ADDEAD72-ED61-40AF-B155-9A102F93CD12}.Release|Any CPU.Build.0 = Release|Any CPU
		{B110D987-CA6D-4B8D-B7AB-83BE9028ECEE}.Debug|Any CPU.ActiveCfg = Debug|Any CPU
		{B110D987-CA6D-4B8D-B7AB-83BE9028ECEE}.Debug|Any CPU.Build.0 = Debug|Any CPU
		{B110D987-CA6D-4B8D-B7AB-83BE9028ECEE}.Release|Any CPU.ActiveCfg = Release|Any CPU
		{B110D987-CA6D-4B8D-B7AB-83BE9028ECEE}.Release|Any CPU.Build.0 = Release|Any CPU
		{62DDF2A7-E115-44E4-B123-5A6303DE1514}.Debug|Any CPU.ActiveCfg = Debug|Any CPU
		{62DDF2A7-E115-44E4-B123-5A6303DE1514}.Debug|Any CPU.Build.0 = Debug|Any CPU
		{62DDF2A7-E115-44E4-B123-5A6303DE1514}.Release|Any CPU.ActiveCfg = Release|Any CPU
		{62DDF2A7-E115-44E4-B123-5A6303DE1514}.Release|Any CPU.Build.0 = Release|Any CPU
		{72669699-D2F4-4D31-82DF-D7A9F5E53CFB}.Debug|Any CPU.ActiveCfg = Debug|Any CPU
		{72669699-D2F4-4D31-82DF-D7A9F5E53CFB}.Debug|Any CPU.Build.0 = Debug|Any CPU
		{72669699-D2F4-4D31-82DF-D7A9F5E53CFB}.Release|Any CPU.ActiveCfg = Release|Any CPU
		{72669699-D2F4-4D31-82DF-D7A9F5E53CFB}.Release|Any CPU.Build.0 = Release|Any CPU
		{99D9B71B-4035-4747-AA95-2D818BCF9F4C}.Debug|Any CPU.ActiveCfg = Debug|Any CPU
		{99D9B71B-4035-4747-AA95-2D818BCF9F4C}.Debug|Any CPU.Build.0 = Debug|Any CPU
		{99D9B71B-4035-4747-AA95-2D818BCF9F4C}.Release|Any CPU.ActiveCfg = Release|Any CPU
		{99D9B71B-4035-4747-AA95-2D818BCF9F4C}.Release|Any CPU.Build.0 = Release|Any CPU
		{AAA4D7F8-5554-4D92-AFD0-EBCA37A11468}.Debug|Any CPU.ActiveCfg = Debug|Any CPU
		{AAA4D7F8-5554-4D92-AFD0-EBCA37A11468}.Debug|Any CPU.Build.0 = Debug|Any CPU
		{AAA4D7F8-5554-4D92-AFD0-EBCA37A11468}.Release|Any CPU.ActiveCfg = Release|Any CPU
		{AAA4D7F8-5554-4D92-AFD0-EBCA37A11468}.Release|Any CPU.Build.0 = Release|Any CPU
		{3C0916B4-E236-4566-9994-A347B31C2AC8}.Debug|Any CPU.ActiveCfg = Debug|Any CPU
		{3C0916B4-E236-4566-9994-A347B31C2AC8}.Debug|Any CPU.Build.0 = Debug|Any CPU
		{3C0916B4-E236-4566-9994-A347B31C2AC8}.Release|Any CPU.ActiveCfg = Release|Any CPU
		{3C0916B4-E236-4566-9994-A347B31C2AC8}.Release|Any CPU.Build.0 = Release|Any CPU
		{99D22321-68F9-4BB7-BE07-1A0EC901418B}.Debug|Any CPU.ActiveCfg = Debug|Any CPU
		{99D22321-68F9-4BB7-BE07-1A0EC901418B}.Debug|Any CPU.Build.0 = Debug|Any CPU
		{99D22321-68F9-4BB7-BE07-1A0EC901418B}.Release|Any CPU.ActiveCfg = Release|Any CPU
		{99D22321-68F9-4BB7-BE07-1A0EC901418B}.Release|Any CPU.Build.0 = Release|Any CPU
		{C8D39D86-CFFF-4888-A607-9CFF9081E303}.Debug|Any CPU.ActiveCfg = Debug|Any CPU
		{C8D39D86-CFFF-4888-A607-9CFF9081E303}.Debug|Any CPU.Build.0 = Debug|Any CPU
		{C8D39D86-CFFF-4888-A607-9CFF9081E303}.Release|Any CPU.ActiveCfg = Release|Any CPU
		{C8D39D86-CFFF-4888-A607-9CFF9081E303}.Release|Any CPU.Build.0 = Release|Any CPU
		{93887931-3AF7-4D75-8067-D2A2EEF6DF2F}.Debug|Any CPU.ActiveCfg = Debug|Any CPU
		{93887931-3AF7-4D75-8067-D2A2EEF6DF2F}.Debug|Any CPU.Build.0 = Debug|Any CPU
		{93887931-3AF7-4D75-8067-D2A2EEF6DF2F}.Release|Any CPU.ActiveCfg = Release|Any CPU
		{93887931-3AF7-4D75-8067-D2A2EEF6DF2F}.Release|Any CPU.Build.0 = Release|Any CPU
		{D5ADC49D-47E8-4CBA-9BDE-48C7E6BC7596}.Debug|Any CPU.ActiveCfg = Debug|Any CPU
		{D5ADC49D-47E8-4CBA-9BDE-48C7E6BC7596}.Debug|Any CPU.Build.0 = Debug|Any CPU
		{D5ADC49D-47E8-4CBA-9BDE-48C7E6BC7596}.Release|Any CPU.ActiveCfg = Release|Any CPU
		{D5ADC49D-47E8-4CBA-9BDE-48C7E6BC7596}.Release|Any CPU.Build.0 = Release|Any CPU
		{1F1523DB-0269-4FAB-80D7-2A6146F323EC}.Debug|Any CPU.ActiveCfg = Debug|Any CPU
		{1F1523DB-0269-4FAB-80D7-2A6146F323EC}.Debug|Any CPU.Build.0 = Debug|Any CPU
		{1F1523DB-0269-4FAB-80D7-2A6146F323EC}.Release|Any CPU.ActiveCfg = Release|Any CPU
		{1F1523DB-0269-4FAB-80D7-2A6146F323EC}.Release|Any CPU.Build.0 = Release|Any CPU
		{60869BF4-BB5B-4292-9D27-579F29D6DFC2}.Debug|Any CPU.ActiveCfg = Debug|Any CPU
		{60869BF4-BB5B-4292-9D27-579F29D6DFC2}.Debug|Any CPU.Build.0 = Debug|Any CPU
		{60869BF4-BB5B-4292-9D27-579F29D6DFC2}.Release|Any CPU.ActiveCfg = Release|Any CPU
		{60869BF4-BB5B-4292-9D27-579F29D6DFC2}.Release|Any CPU.Build.0 = Release|Any CPU
		{D32CABDF-E19C-416E-9B8C-D2F7AEE5822F}.Debug|Any CPU.ActiveCfg = Debug|Any CPU
		{D32CABDF-E19C-416E-9B8C-D2F7AEE5822F}.Debug|Any CPU.Build.0 = Debug|Any CPU
		{D32CABDF-E19C-416E-9B8C-D2F7AEE5822F}.Release|Any CPU.ActiveCfg = Release|Any CPU
		{D32CABDF-E19C-416E-9B8C-D2F7AEE5822F}.Release|Any CPU.Build.0 = Release|Any CPU
		{9B5A3288-5E16-49A0-A1C1-D273355BE88D}.Debug|Any CPU.ActiveCfg = Debug|Any CPU
		{9B5A3288-5E16-49A0-A1C1-D273355BE88D}.Debug|Any CPU.Build.0 = Debug|Any CPU
		{9B5A3288-5E16-49A0-A1C1-D273355BE88D}.Release|Any CPU.ActiveCfg = Release|Any CPU
		{9B5A3288-5E16-49A0-A1C1-D273355BE88D}.Release|Any CPU.Build.0 = Release|Any CPU
		{2E0895C7-3C78-4B38-A6FD-C2F6247099C9}.Debug|Any CPU.ActiveCfg = Debug|Any CPU
		{2E0895C7-3C78-4B38-A6FD-C2F6247099C9}.Debug|Any CPU.Build.0 = Debug|Any CPU
		{2E0895C7-3C78-4B38-A6FD-C2F6247099C9}.Release|Any CPU.ActiveCfg = Release|Any CPU
		{2E0895C7-3C78-4B38-A6FD-C2F6247099C9}.Release|Any CPU.Build.0 = Release|Any CPU
		{49A1C268-7D56-4592-93A8-678CFDE42FF7}.Debug|Any CPU.ActiveCfg = Debug|Any CPU
		{49A1C268-7D56-4592-93A8-678CFDE42FF7}.Debug|Any CPU.Build.0 = Debug|Any CPU
		{49A1C268-7D56-4592-93A8-678CFDE42FF7}.Release|Any CPU.ActiveCfg = Release|Any CPU
		{49A1C268-7D56-4592-93A8-678CFDE42FF7}.Release|Any CPU.Build.0 = Release|Any CPU
		{65D26C52-E73D-4382-9754-03C99C594469}.Debug|Any CPU.ActiveCfg = Debug|Any CPU
		{65D26C52-E73D-4382-9754-03C99C594469}.Debug|Any CPU.Build.0 = Debug|Any CPU
		{65D26C52-E73D-4382-9754-03C99C594469}.Release|Any CPU.ActiveCfg = Release|Any CPU
		{65D26C52-E73D-4382-9754-03C99C594469}.Release|Any CPU.Build.0 = Release|Any CPU
		{6911C9B2-51BE-4AF2-9103-C1B320A24F22}.Debug|Any CPU.ActiveCfg = Debug|Any CPU
		{6911C9B2-51BE-4AF2-9103-C1B320A24F22}.Debug|Any CPU.Build.0 = Debug|Any CPU
		{6911C9B2-51BE-4AF2-9103-C1B320A24F22}.Release|Any CPU.ActiveCfg = Release|Any CPU
		{6911C9B2-51BE-4AF2-9103-C1B320A24F22}.Release|Any CPU.Build.0 = Release|Any CPU
		{CB28C9BC-7721-45BE-A1F3-8C3553AB6666}.Debug|Any CPU.ActiveCfg = Debug|Any CPU
		{CB28C9BC-7721-45BE-A1F3-8C3553AB6666}.Debug|Any CPU.Build.0 = Debug|Any CPU
		{CB28C9BC-7721-45BE-A1F3-8C3553AB6666}.Release|Any CPU.ActiveCfg = Release|Any CPU
		{CB28C9BC-7721-45BE-A1F3-8C3553AB6666}.Release|Any CPU.Build.0 = Release|Any CPU
		{0C5C4FB4-5CBE-4BF7-ADA2-0E201B625952}.Debug|Any CPU.ActiveCfg = Debug|Any CPU
		{0C5C4FB4-5CBE-4BF7-ADA2-0E201B625952}.Debug|Any CPU.Build.0 = Debug|Any CPU
		{0C5C4FB4-5CBE-4BF7-ADA2-0E201B625952}.Release|Any CPU.ActiveCfg = Release|Any CPU
		{0C5C4FB4-5CBE-4BF7-ADA2-0E201B625952}.Release|Any CPU.Build.0 = Release|Any CPU
		{6748B9E5-3C50-478A-B3E0-1E1BAEBA3AC5}.Debug|Any CPU.ActiveCfg = Debug|Any CPU
		{6748B9E5-3C50-478A-B3E0-1E1BAEBA3AC5}.Debug|Any CPU.Build.0 = Debug|Any CPU
		{6748B9E5-3C50-478A-B3E0-1E1BAEBA3AC5}.Release|Any CPU.ActiveCfg = Release|Any CPU
		{6748B9E5-3C50-478A-B3E0-1E1BAEBA3AC5}.Release|Any CPU.Build.0 = Release|Any CPU
		{D025417C-E1B1-495E-A769-67F01507DA63}.Debug|Any CPU.ActiveCfg = Debug|Any CPU
		{D025417C-E1B1-495E-A769-67F01507DA63}.Debug|Any CPU.Build.0 = Debug|Any CPU
		{D025417C-E1B1-495E-A769-67F01507DA63}.Release|Any CPU.ActiveCfg = Release|Any CPU
		{D025417C-E1B1-495E-A769-67F01507DA63}.Release|Any CPU.Build.0 = Release|Any CPU
	EndGlobalSection
	GlobalSection(NestedProjects) = preSolution
		{38ACED50-1C63-4340-A28A-0D90C04628BB} = {015FC6CF-628C-4696-BDBA-8B838535BCE7}
		{0BFDBBB9-6CDD-4B89-90FD-CBBB948D8B87} = {015FC6CF-628C-4696-BDBA-8B838535BCE7}
		{C6EEAD3E-C586-4CB9-9D6C-7A80DBF82D9F} = {0BFDBBB9-6CDD-4B89-90FD-CBBB948D8B87}
		{7EB52757-7642-4403-A505-8562DF9D249D} = {61F9CE89-6FE9-41E6-A47E-9C9EB2FBB141}
		{ADDEAD72-ED61-40AF-B155-9A102F93CD12} = {BE6EF6D1-3AAA-4DA4-A8AC-E16E8AEE1D79}
		{B110D987-CA6D-4B8D-B7AB-83BE9028ECEE} = {0BFDBBB9-6CDD-4B89-90FD-CBBB948D8B87}
		{62DDF2A7-E115-44E4-B123-5A6303DE1514} = {0BFDBBB9-6CDD-4B89-90FD-CBBB948D8B87}
		{72669699-D2F4-4D31-82DF-D7A9F5E53CFB} = {0BFDBBB9-6CDD-4B89-90FD-CBBB948D8B87}
		{99D9B71B-4035-4747-AA95-2D818BCF9F4C} = {0BFDBBB9-6CDD-4B89-90FD-CBBB948D8B87}
		{AAA4D7F8-5554-4D92-AFD0-EBCA37A11468} = {0BFDBBB9-6CDD-4B89-90FD-CBBB948D8B87}
		{3C0916B4-E236-4566-9994-A347B31C2AC8} = {0BFDBBB9-6CDD-4B89-90FD-CBBB948D8B87}
		{9BC76B2B-69B8-42AC-A6BF-4649677731A0} = {015FC6CF-628C-4696-BDBA-8B838535BCE7}
		{99D22321-68F9-4BB7-BE07-1A0EC901418B} = {9BC76B2B-69B8-42AC-A6BF-4649677731A0}
		{C8D39D86-CFFF-4888-A607-9CFF9081E303} = {9BC76B2B-69B8-42AC-A6BF-4649677731A0}
		{93887931-3AF7-4D75-8067-D2A2EEF6DF2F} = {9BC76B2B-69B8-42AC-A6BF-4649677731A0}
		{D5ADC49D-47E8-4CBA-9BDE-48C7E6BC7596} = {9BC76B2B-69B8-42AC-A6BF-4649677731A0}
		{1F1523DB-0269-4FAB-80D7-2A6146F323EC} = {9BC76B2B-69B8-42AC-A6BF-4649677731A0}
		{60869BF4-BB5B-4292-9D27-579F29D6DFC2} = {9BC76B2B-69B8-42AC-A6BF-4649677731A0}
		{4C3CABC0-485C-4D7B-9049-4B1DDFFA6C58} = {61F9CE89-6FE9-41E6-A47E-9C9EB2FBB141}
		{D32CABDF-E19C-416E-9B8C-D2F7AEE5822F} = {4C3CABC0-485C-4D7B-9049-4B1DDFFA6C58}
		{9B5A3288-5E16-49A0-A1C1-D273355BE88D} = {4C3CABC0-485C-4D7B-9049-4B1DDFFA6C58}
		{07599640-AD54-4A11-B521-1C304EBABBCC} = {015FC6CF-628C-4696-BDBA-8B838535BCE7}
		{2E0895C7-3C78-4B38-A6FD-C2F6247099C9} = {07599640-AD54-4A11-B521-1C304EBABBCC}
		{49A1C268-7D56-4592-93A8-678CFDE42FF7} = {07599640-AD54-4A11-B521-1C304EBABBCC}
		{65D26C52-E73D-4382-9754-03C99C594469} = {07599640-AD54-4A11-B521-1C304EBABBCC}
		{6911C9B2-51BE-4AF2-9103-C1B320A24F22} = {38ACED50-1C63-4340-A28A-0D90C04628BB}
		{CB28C9BC-7721-45BE-A1F3-8C3553AB6666} = {38ACED50-1C63-4340-A28A-0D90C04628BB}
		{0C5C4FB4-5CBE-4BF7-ADA2-0E201B625952} = {38ACED50-1C63-4340-A28A-0D90C04628BB}
		{6748B9E5-3C50-478A-B3E0-1E1BAEBA3AC5} = {38ACED50-1C63-4340-A28A-0D90C04628BB}
		{D025417C-E1B1-495E-A769-67F01507DA63} = {38ACED50-1C63-4340-A28A-0D90C04628BB}
	EndGlobalSection
EndGlobal
