
Microsoft Visual Studio Solution File, Format Version 12.00
Project("{2150E333-8FDC-42A3-9474-1A3956D46DE8}") = "ApiGateways", "ApiGateways", "{BE6EF6D1-3AAA-4DA4-A8AC-E16E8AEE1D79}"
EndProject
Project("{2150E333-8FDC-42A3-9474-1A3956D46DE8}") = "Services", "Services", "{015FC6CF-628C-4696-BDBA-8B838535BCE7}"
EndProject
Project("{2150E333-8FDC-42A3-9474-1A3956D46DE8}") = "Infrastructure", "Infrastructure", "{61F9CE89-6FE9-41E6-A47E-9C9EB2FBB141}"
EndProject
Project("{2150E333-8FDC-42A3-9474-1A3956D46DE8}") = "WaitingRoom", "WaitingRoom", "{38ACED50-1C63-4340-A28A-0D90C04628BB}"
EndProject
Project("{FAE04EC0-301F-11D3-BF4B-00C04F79EFBC}") = "WaitingRoom.API", "Services\WaitingRoom\WaitingRoom.API\WaitingRoom.API.csproj", "{74351A53-5739-4940-A927-43C9DFC5B606}"
EndProject
Project("{FAE04EC0-301F-11D3-BF4B-00C04F79EFBC}") = "WaitingRoom.Application", "Services\WaitingRoom\WaitingRoom.Application\WaitingRoom.Application.csproj", "{3A18D6A3-DC57-4DE2-84F8-BFE1C12C0E62}"
EndProject
Project("{FAE04EC0-301F-11D3-BF4B-00C04F79EFBC}") = "WaitingRoom.Core", "Services\WaitingRoom\WaitingRoom.Core\WaitingRoom.Core.csproj", "{BDFE25B6-F9B5-44B3-8D4D-F17F6D3BD769}"
EndProject
Project("{FAE04EC0-301F-11D3-BF4B-00C04F79EFBC}") = "WaitingRoom.Infrastructure", "Services\WaitingRoom\WaitingRoom.Infrastructure\WaitingRoom.Infrastructure.csproj", "{5629692A-B184-4F3A-8B81-E6BA6E5CE88F}"
EndProject
Global
	GlobalSection(SolutionConfigurationPlatforms) = preSolution
		Debug|Any CPU = Debug|Any CPU
		Release|Any CPU = Release|Any CPU
	EndGlobalSection
	GlobalSection(ProjectConfigurationPlatforms) = postSolution
		{74351A53-5739-4940-A927-43C9DFC5B606}.Debug|Any CPU.ActiveCfg = Debug|Any CPU
		{74351A53-5739-4940-A927-43C9DFC5B606}.Debug|Any CPU.Build.0 = Debug|Any CPU
		{74351A53-5739-4940-A927-43C9DFC5B606}.Release|Any CPU.ActiveCfg = Release|Any CPU
		{74351A53-5739-4940-A927-43C9DFC5B606}.Release|Any CPU.Build.0 = Release|Any CPU
		{3A18D6A3-DC57-4DE2-84F8-BFE1C12C0E62}.Debug|Any CPU.ActiveCfg = Debug|Any CPU
		{3A18D6A3-DC57-4DE2-84F8-BFE1C12C0E62}.Debug|Any CPU.Build.0 = Debug|Any CPU
		{3A18D6A3-DC57-4DE2-84F8-BFE1C12C0E62}.Release|Any CPU.ActiveCfg = Release|Any CPU
		{3A18D6A3-DC57-4DE2-84F8-BFE1C12C0E62}.Release|Any CPU.Build.0 = Release|Any CPU
		{BDFE25B6-F9B5-44B3-8D4D-F17F6D3BD769}.Debug|Any CPU.ActiveCfg = Debug|Any CPU
		{BDFE25B6-F9B5-44B3-8D4D-F17F6D3BD769}.Debug|Any CPU.Build.0 = Debug|Any CPU
		{BDFE25B6-F9B5-44B3-8D4D-F17F6D3BD769}.Release|Any CPU.ActiveCfg = Release|Any CPU
		{BDFE25B6-F9B5-44B3-8D4D-F17F6D3BD769}.Release|Any CPU.Build.0 = Release|Any CPU
		{5629692A-B184-4F3A-8B81-E6BA6E5CE88F}.Debug|Any CPU.ActiveCfg = Debug|Any CPU
		{5629692A-B184-4F3A-8B81-E6BA6E5CE88F}.Debug|Any CPU.Build.0 = Debug|Any CPU
		{5629692A-B184-4F3A-8B81-E6BA6E5CE88F}.Release|Any CPU.ActiveCfg = Release|Any CPU
		{5629692A-B184-4F3A-8B81-E6BA6E5CE88F}.Release|Any CPU.Build.0 = Release|Any CPU
	EndGlobalSection
	GlobalSection(NestedProjects) = preSolution
		{38ACED50-1C63-4340-A28A-0D90C04628BB} = {015FC6CF-628C-4696-BDBA-8B838535BCE7}
		{74351A53-5739-4940-A927-43C9DFC5B606} = {38ACED50-1C63-4340-A28A-0D90C04628BB}
		{3A18D6A3-DC57-4DE2-84F8-BFE1C12C0E62} = {38ACED50-1C63-4340-A28A-0D90C04628BB}
		{BDFE25B6-F9B5-44B3-8D4D-F17F6D3BD769} = {38ACED50-1C63-4340-A28A-0D90C04628BB}
		{5629692A-B184-4F3A-8B81-E6BA6E5CE88F} = {38ACED50-1C63-4340-A28A-0D90C04628BB}
	EndGlobalSection
EndGlobal
