
Microsoft Visual Studio Solution File, Format Version 12.00
Project("{2150E333-8FDC-42A3-9474-1A3956D46DE8}") = "ApiGateways", "ApiGateways", "{BE6EF6D1-3AAA-4DA4-A8AC-E16E8AEE1D79}"
EndProject
Project("{2150E333-8FDC-42A3-9474-1A3956D46DE8}") = "Services", "Services", "{015FC6CF-628C-4696-BDBA-8B838535BCE7}"
EndProject
Project("{2150E333-8FDC-42A3-9474-1A3956D46DE8}") = "Infrastructure", "Infrastructure", "{61F9CE89-6FE9-41E6-A47E-9C9EB2FBB141}"
EndProject
Project("{2150E333-8FDC-42A3-9474-1A3956D46DE8}") = "Chat", "Chat", "{38ACED50-1C63-4340-A28A-0D90C04628BB}"
EndProject
Project("{FAE04EC0-301F-11D3-BF4B-00C04F79EFBC}") = "Chat.API", "Services\Chat\Chat.API\Chat.API.csproj", "{3BE8AC6C-EB95-4A3D-ADDE-3BC873F7D33A}"
EndProject
Project("{FAE04EC0-301F-11D3-BF4B-00C04F79EFBC}") = "Chat.Application", "Services\Chat\Chat.Application\Chat.Application.csproj", "{517C4773-6BE8-427D-B9CB-4CDB8A80DE9D}"
EndProject
Project("{FAE04EC0-301F-11D3-BF4B-00C04F79EFBC}") = "Chat.Core", "Services\Chat\Chat.Core\Chat.Core.csproj", "{DC5D9C71-C546-4499-8D3C-AD766C031A8D}"
EndProject
Project("{FAE04EC0-301F-11D3-BF4B-00C04F79EFBC}") = "Chat.Infrastructure", "Services\Chat\Chat.Infrastructure\Chat.Infrastructure.csproj", "{2447A7E7-96C3-412C-BA18-95FBCD21EE59}"
EndProject
Global
	GlobalSection(SolutionConfigurationPlatforms) = preSolution
		Debug|Any CPU = Debug|Any CPU
		Release|Any CPU = Release|Any CPU
	EndGlobalSection
	GlobalSection(ProjectConfigurationPlatforms) = postSolution
		{3BE8AC6C-EB95-4A3D-ADDE-3BC873F7D33A}.Debug|Any CPU.ActiveCfg = Debug|Any CPU
		{3BE8AC6C-EB95-4A3D-ADDE-3BC873F7D33A}.Debug|Any CPU.Build.0 = Debug|Any CPU
		{3BE8AC6C-EB95-4A3D-ADDE-3BC873F7D33A}.Release|Any CPU.ActiveCfg = Release|Any CPU
		{3BE8AC6C-EB95-4A3D-ADDE-3BC873F7D33A}.Release|Any CPU.Build.0 = Release|Any CPU
		{517C4773-6BE8-427D-B9CB-4CDB8A80DE9D}.Debug|Any CPU.ActiveCfg = Debug|Any CPU
		{517C4773-6BE8-427D-B9CB-4CDB8A80DE9D}.Debug|Any CPU.Build.0 = Debug|Any CPU
		{517C4773-6BE8-427D-B9CB-4CDB8A80DE9D}.Release|Any CPU.ActiveCfg = Release|Any CPU
		{517C4773-6BE8-427D-B9CB-4CDB8A80DE9D}.Release|Any CPU.Build.0 = Release|Any CPU
		{DC5D9C71-C546-4499-8D3C-AD766C031A8D}.Debug|Any CPU.ActiveCfg = Debug|Any CPU
		{DC5D9C71-C546-4499-8D3C-AD766C031A8D}.Debug|Any CPU.Build.0 = Debug|Any CPU
		{DC5D9C71-C546-4499-8D3C-AD766C031A8D}.Release|Any CPU.ActiveCfg = Release|Any CPU
		{DC5D9C71-C546-4499-8D3C-AD766C031A8D}.Release|Any CPU.Build.0 = Release|Any CPU
		{2447A7E7-96C3-412C-BA18-95FBCD21EE59}.Debug|Any CPU.ActiveCfg = Debug|Any CPU
		{2447A7E7-96C3-412C-BA18-95FBCD21EE59}.Debug|Any CPU.Build.0 = Debug|Any CPU
		{2447A7E7-96C3-412C-BA18-95FBCD21EE59}.Release|Any CPU.ActiveCfg = Release|Any CPU
		{2447A7E7-96C3-412C-BA18-95FBCD21EE59}.Release|Any CPU.Build.0 = Release|Any CPU
	EndGlobalSection
	GlobalSection(NestedProjects) = preSolution
		{38ACED50-1C63-4340-A28A-0D90C04628BB} = {015FC6CF-628C-4696-BDBA-8B838535BCE7}
		{3BE8AC6C-EB95-4A3D-ADDE-3BC873F7D33A} = {38ACED50-1C63-4340-A28A-0D90C04628BB}
		{517C4773-6BE8-427D-B9CB-4CDB8A80DE9D} = {38ACED50-1C63-4340-A28A-0D90C04628BB}
		{DC5D9C71-C546-4499-8D3C-AD766C031A8D} = {38ACED50-1C63-4340-A28A-0D90C04628BB}
		{2447A7E7-96C3-412C-BA18-95FBCD21EE59} = {38ACED50-1C63-4340-A28A-0D90C04628BB}
	EndGlobalSection
EndGlobal
